{"filter":false,"title":"Gemfile.lock","tooltip":"/rails_project/alpha-blog/Gemfile.lock","undoManager":{"mark":-1,"position":-1,"stack":[]},"ace":{"folds":[],"scrolltop":3750,"scrollleft":0,"selection":{"start":{"row":0,"column":0},"end":{"row":0,"column":0},"isBackwards":false},"options":{"guessTabSize":true,"useWrapMode":false,"wrapToView":true},"firstLineState":{"row":172,"state":"start","mode":"ace/mode/text"}},"timestamp":1571463626173,"hash":"5896e339e8b03556e59c753b11a1cf1c35a8e356"}